// !$*UTF8*$!
{
	archiveVersion = 1;
	classes = {
	};
	objectVersion = 46;
	objects = {

/* Begin PBXBuildFile section */
		49081EE71C1197F100146F31 /* main.m in Sources */ = {isa = PBXBuildFile; fileRef = 49081EE61C1197F100146F31 /* main.m */; };
		492FB00F1C13B86000689D10 /* ManageBook.m in Sources */ = {isa = PBXBuildFile; fileRef = 492FB00E1C13B86000689D10 /* ManageBook.m */; };
		49469A511C126A1800DFB223 /* Book.m in Sources */ = {isa = PBXBuildFile; fileRef = 49469A501C126A1800DFB223 /* Book.m */; };
/* End PBXBuildFile section */

/* Begin PBXCopyFilesBuildPhase section */
		49081EE11C1197F100146F31 /* CopyFiles */ = {
			isa = PBXCopyFilesBuildPhase;
			buildActionMask = 2147483647;
			dstPath = /usr/share/man/man1/;
			dstSubfolderSpec = 0;
			files = (
			);
			runOnlyForDeploymentPostprocessing = 1;
		};
/* End PBXCopyFilesBuildPhase section */

/* Begin PBXFileReference section */
		49081EE31C1197F100146F31 /* OC05_课后作业 */ = {isa = PBXFileReference; explicitFileType = "compiled.mach-o.executable"; includeInIndex = 0; path = "OC05_课后作业"; sourceTree = BUILT_PRODUCTS_DIR; };
		49081EE61C1197F100146F31 /* main.m */ = {isa = PBXFileReference; lastKnownFileType = sourcecode.c.objc; path = main.m; sourceTree = "<group>"; };
		492FB00D1C13B86000689D10 /* ManageBook.h */ = {isa = PBXFileReference; fileEncoding = 4; lastKnownFileType = sourcecode.c.h; name = ManageBook.h; path = ../ManageBook.h; sourceTree = "<group>"; };
		492FB00E1C13B86000689D10 /* ManageBook.m */ = {isa = PBXFileReference; fileEncoding = 4; lastKnownFileType = sourcecode.c.objc; name = ManageBook.m; path = ../ManageBook.m; sourceTree = "<group>"; };
		49469A4F1C126A1800DFB223 /* Book.h */ = {isa = PBXFileReference; fileEncoding = 4; lastKnownFileType = sourcecode.c.h; path = Book.h; sourceTree = "<group>"; };
		49469A501C126A1800DFB223 /* Book.m */ = {isa = PBXFileReference; fileEncoding = 4; lastKnownFileType = sourcecode.c.objc; path = Book.m; sourceTree = "<group>"; };
/* End PBXFileReference section */

/* Begin PBXFrameworksBuildPhase section */
		49081EE01C1197F100146F31 /* Frameworks */ = {
			isa = PBXFrameworksBuildPhase;
			buildActionMask = 2147483647;
			files = (
			);
			runOnlyForDeploymentPostprocessing = 0;
		};
/* End PBXFrameworksBuildPhase section */

/* Begin PBXGroup section */
		49081EDA1C1197F100146F31 = {
			isa = PBXGroup;
			children = (
				49081EE51C1197F100146F31 /* OC05_课后作业 */,
			);
			sourceTree = "<group>";
		};
		49081EE41C1197F100146F31 /* Products */ = {
			isa = PBXGroup;
			children = (
				49081EE31C1197F100146F31 /* OC05_课后作业 */,
			);
			name = Products;
			path = ..;
			sourceTree = "<group>";
		};
		49081EE51C1197F100146F31 /* OC05_课后作业 */ = {
			isa = PBXGroup;
			children = (
				49081EE61C1197F100146F31 /* main.m */,
				49469A4F1C126A1800DFB223 /* Book.h */,
				49469A501C126A1800DFB223 /* Book.m */,
				492FB00D1C13B86000689D10 /* ManageBook.h */,
				492FB00E1C13B86000689D10 /* ManageBook.m */,
				49081EE41C1197F100146F31 /* Products */,
			);
			path = "OC05_课后作业";
			sourceTree = "<group>";
		};
/* End PBXGroup section */

/* Begin PBXNativeTarget section */
		49081EE21C1197F100146F31 /* OC05_课后作业 */ = {
			isa = PBXNativeTarget;
			buildConfigurationList = 49081EEA1C1197F100146F31 /* Build configuration list for PBXNativeTarget "OC05_课后作业" */;
			buildPhases = (
				49081EDF1C1197F100146F31 /* Sources */,
				49081EE01C1197F100146F31 /* Frameworks */,
				49081EE11C1197F100146F31 /* CopyFiles */,
			);
			buildRules = (
			);
			dependencies = (
			);
			name = "OC05_课后作业";
			productName = "OC05_课后作业";
			productReference = 49081EE31C1197F100146F31 /* OC05_课后作业 */;
			productType = "com.apple.product-type.tool";
		};
/* End PBXNativeTarget section */

/* Begin PBXProject section */
		49081EDB1C1197F100146F31 /* Project object */ = {
			isa = PBXProject;
			attributes = {
				LastUpgradeCheck = 0710;
				ORGANIZATIONNAME = doll;
				TargetAttributes = {
					49081EE21C1197F100146F31 = {
						CreatedOnToolsVersion = 7.1;
					};
				};
			};
			buildConfigurationList = 49081EDE1C1197F100146F31 /* Build configuration list for PBXProject "OC05_课后作业" */;
			compatibilityVersion = "Xcode 3.2";
			developmentRegion = English;
			hasScannedForEncodings = 0;
			knownRegions = (
				en,
			);
			mainGroup = 49081EDA1C1197F100146F31;
			productRefGroup = 49081EE41C1197F100146F31 /* Products */;
			projectDirPath = "";
			projectRoot = "";
			targets = (
				49081EE21C1197F100146F31 /* OC05_课后作业 */,
			);
		};
/* End PBXProject section */

/* Begin PBXSourcesBuildPhase section */
		49081EDF1C1197F100146F31 /* Sources */ = {
			isa = PBXSourcesBuildPhase;
			buildActionMask = 2147483647;
			files = (
				492FB00F1C13B86000689D10 /* ManageBook.m in Sources */,
				49469A511C126A1800DFB223 /* Book.m in Sources */,
				49081EE71C1197F100146F31 /* main.m in Sources */,
			);
			runOnlyForDeploymentPostprocessing = 0;
		};
/* End PBXSourcesBuildPhase section */

/* Begin XCBuildConfiguration section */
		49081EE81C1197F100146F31 /* Debug */ = {
			isa = XCBuildConfiguration;
			buildSettings = {
				ALWAYS_SEARCH_USER_PATHS = NO;
				CLANG_CXX_LANGUAGE_STANDARD = "gnu++0x";
				CLANG_CXX_LIBRARY = "libc++";
				CLANG_ENABLE_MODULES = YES;
				CLANG_ENABLE_OBJC_ARC = YES;
				CLANG_WARN_BOOL_CONVERSION = YES;
				CLANG_WARN_CONSTANT_CONVERSION = YES;
				CLANG_WARN_DIRECT_OBJC_ISA_USAGE = YES_ERROR;
				CLANG_WARN_EMPTY_BODY = YES;
				CLANG_WARN_ENUM_CONVERSION = YES;
				CLANG_WARN_INT_CONVERSION = YES;
				CLANG_WARN_OBJC_ROOT_CLASS = YES_ERROR;
				CLANG_WARN_UNREACHABLE_CODE = YES;
				CLANG_WARN__DUPLICATE_METHOD_MATCH = YES;
				CODE_SIGN_IDENTITY = "-";
				COPY_PHASE_STRIP = NO;
				DEBUG_INFORMATION_FORMAT = dwarf;
				ENABLE_STRICT_OBJC_MSGSEND = YES;
				ENABLE_TESTABILITY = YES;
				GCC_C_LANGUAGE_STANDARD = gnu99;
				GCC_DYNAMIC_NO_PIC = NO;
				GCC_NO_COMMON_BLOCKS = YES;
				GCC_OPTIMIZATION_LEVEL = 0;
				GCC_PREPROCESSOR_DEFINITIONS = (
					"DEBUG=1",
					"$(inherited)",
				);
				GCC_WARN_64_TO_32_BIT_CONVERSION = YES;
				GCC_WARN_ABOUT_RETURN_TYPE = YES_ERROR;
				GCC_WARN_UNDECLARED_SELECTOR = YES;
				GCC_WARN_UNINITIALIZED_AUTOS = YES_AGGRESSIVE;
				GCC_WARN_UNUSED_FUNCTION = YES;
				GCC_WARN_UNUSED_VARIABLE = YES;
				MACOSX_DEPLOYMENT_TARGET = 10.11;
				MTL_ENABLE_DEBUG_INFO = YES;
				ONLY_ACTIVE_ARCH = YES;
				SDKROOT = macosx;
			};
			name = Debug;
		};
		49081EE91C1197F100146F31 /* Release */ = {
			isa = XCBuildConfiguration;
			buildSettings = {
				ALWAYS_SEARCH_USER_PATHS = NO;
				CLANG_CXX_LANGUAGE_STANDARD = "gnu++0x";
				CLANG_CXX_LIBRARY = "libc++";
				CLANG_ENABLE_MODULES = YES;
				CLANG_ENABLE_OBJC_ARC = YES;
				CLANG_WARN_BOOL_CONVERSION = YES;
				CLANG_WARN_CONSTANT_CONVERSION = YES;
				CLANG_WARN_DIRECT_OBJC_ISA_USAGE = YES_ERROR;
				CLANG_WARN_EMPTY_BODY = YES;
				CLANG_WARN_ENUM_CONVERSION = YES;
				CLANG_WARN_INT_CONVERSION = YES;
				CLANG_WARN_OBJC_ROOT_CLASS = YES_ERROR;
				CLANG_WARN_UNREACHABLE_CODE = YES;
				CLANG_WARN__DUPLICATE_METHOD_MATCH = YES;
				CODE_SIGN_IDENTITY = "-";
				COPY_PHASE_STRIP = NO;
				DEBUG_INFORMATION_FORMAT = "dwarf-with-dsym";
				ENABLE_NS_ASSERTIONS = NO;
				ENABLE_STRICT_OBJC_MSGSEND = YES;
				GCC_C_LANGUAGE_STANDARD = gnu99;
				GCC_NO_COMMON_BLOCKS = YES;
				GCC_WARN_64_TO_32_BIT_CONVERSION = YES;
				GCC_WARN_ABOUT_RETURN_TYPE = YES_ERROR;
				GCC_WARN_UNDECLARED_SELECTOR = YES;
				GCC_WARN_UNINITIALIZED_AUTOS = YES_AGGRESSIVE;
				GCC_WARN_UNUSED_FUNCTION = YES;
				GCC_WARN_UNUSED_VARIABLE = YES;
				MACOSX_DEPLOYMENT_TARGET = 10.11;
				MTL_ENABLE_DEBUG_INFO = NO;
				SDKROOT = macosx;
			};
			name = Release;
		};
		49081EEB1C1197F100146F31 /* Debug */ = {
			isa = XCBuildConfiguration;
			buildSettings = {
				PRODUCT_NAME = "$(TARGET_NAME)";
			};
			name = Debug;
		};
		49081EEC1C1197F100146F31 /* Release */ = {
			isa = XCBuildConfiguration;
			buildSettings = {
				PRODUCT_NAME = "$(TARGET_NAME)";
			};
			name = Release;
		};
/* End XCBuildConfiguration section */

/* Begin XCConfigurationList section */
		49081EDE1C1197F100146F31 /* Build configuration list for PBXProject "OC05_课后作业" */ = {
			isa = XCConfigurationList;
			buildConfigurations = (
				49081EE81C1197F100146F31 /* Debug */,
				49081EE91C1197F100146F31 /* Release */,
			);
			defaultConfigurationIsVisible = 0;
			defaultConfigurationName = Release;
		};
		49081EEA1C1197F100146F31 /* Build configuration list for PBXNativeTarget "OC05_课后作业" */ = {
			isa = XCConfigurationList;
			buildConfigurations = (
				49081EEB1C1197F100146F31 /* Debug */,
				49081EEC1C1197F100146F31 /* Release */,
			);
			defaultConfigurationIsVisible = 0;
			defaultConfigurationName = Release;
		};
/* End XCConfigurationList section */
	};
	rootObject = 49081EDB1C1197F100146F31 /* Project object */;
}
